
Microsoft Visual Studio Solution File, Format Version 12.00
Project("{FAE04EC0-301F-11D3-BF4B-00C04F79EFBC}") = "JobScheduler.Api", "src\JobScheduler.Api\JobScheduler.Api.csproj", "{1CCFEF6A-8F2D-4AFE-AB27-B6ABD71A2AD5}"
EndProject
Project("{FAE04EC0-301F-11D3-BF4B-00C04F79EFBC}") = "JobScheduler.Core", "src\JobScheduler.Core\JobScheduler.Core.csproj", "{99BF6A1C-49ED-48C2-9572-CB7D95527ABB}"
EndProject
Project("{FAE04EC0-301F-11D3-BF4B-00C04F79EFBC}") = "JobScheduler.Infrastructure", "src\JobScheduler.Infrastructure\JobScheduler.Infrastructure.csproj", "{6EA3C4FF-E493-43BC-8405-8B04C3259A5D}"
EndProject
Project("{FAE04EC0-301F-11D3-BF4B-00C04F79EFBC}") = "JobScheduler.Worker", "src\JobScheduler.Worker\JobScheduler.Worker.csproj", "{8B9B9885-76B1-4D7A-A56F-59E4B4B0501F}"
EndProject
Project("{FAE04EC0-301F-11D3-BF4B-00C04F79EFBC}") = "JobScheduler.UnitTests", "tests\JobScheduler.UnitTests\JobScheduler.UnitTests.csproj", "{DB532295-7CA6-49C4-AB31-3B99DA89AE3B}"
EndProject
Global
	GlobalSection(SolutionConfigurationPlatforms) = preSolution
		Debug|Any CPU = Debug|Any CPU
		Release|Any CPU = Release|Any CPU
	EndGlobalSection
	GlobalSection(ProjectConfigurationPlatforms) = postSolution
		{1CCFEF6A-8F2D-4AFE-AB27-B6ABD71A2AD5}.Debug|Any CPU.ActiveCfg = Debug|Any CPU
		{1CCFEF6A-8F2D-4AFE-AB27-B6ABD71A2AD5}.Debug|Any CPU.Build.0 = Debug|Any CPU
		{1CCFEF6A-8F2D-4AFE-AB27-B6ABD71A2AD5}.Release|Any CPU.ActiveCfg = Release|Any CPU
		{1CCFEF6A-8F2D-4AFE-AB27-B6ABD71A2AD5}.Release|Any CPU.Build.0 = Release|Any CPU
		{99BF6A1C-49ED-48C2-9572-CB7D95527ABB}.Debug|Any CPU.ActiveCfg = Debug|Any CPU
		{99BF6A1C-49ED-48C2-9572-CB7D95527ABB}.Debug|Any CPU.Build.0 = Debug|Any CPU
		{99BF6A1C-49ED-48C2-9572-CB7D95527ABB}.Release|Any CPU.ActiveCfg = Release|Any CPU
		{99BF6A1C-49ED-48C2-9572-CB7D95527ABB}.Release|Any CPU.Build.0 = Release|Any CPU
		{6EA3C4FF-E493-43BC-8405-8B04C3259A5D}.Debug|Any CPU.ActiveCfg = Debug|Any CPU
		{6EA3C4FF-E493-43BC-8405-8B04C3259A5D}.Debug|Any CPU.Build.0 = Debug|Any CPU
		{6EA3C4FF-E493-43BC-8405-8B04C3259A5D}.Release|Any CPU.ActiveCfg = Release|Any CPU
		{6EA3C4FF-E493-43BC-8405-8B04C3259A5D}.Release|Any CPU.Build.0 = Release|Any CPU
		{8B9B9885-76B1-4D7A-A56F-59E4B4B0501F}.Debug|Any CPU.ActiveCfg = Debug|Any CPU
		{8B9B9885-76B1-4D7A-A56F-59E4B4B0501F}.Debug|Any CPU.Build.0 = Debug|Any CPU
		{8B9B9885-76B1-4D7A-A56F-59E4B4B0501F}.Release|Any CPU.ActiveCfg = Release|Any CPU
		{8B9B9885-76B1-4D7A-A56F-59E4B4B0501F}.Release|Any CPU.Build.0 = Release|Any CPU
		{DB532295-7CA6-49C4-AB31-3B99DA89AE3B}.Debug|Any CPU.ActiveCfg = Debug|Any CPU
		{DB532295-7CA6-49C4-AB31-3B99DA89AE3B}.Debug|Any CPU.Build.0 = Debug|Any CPU
		{DB532295-7CA6-49C4-AB31-3B99DA89AE3B}.Release|Any CPU.ActiveCfg = Release|Any CPU
		{DB532295-7CA6-49C4-AB31-3B99DA89AE3B}.Release|Any CPU.Build.0 = Release|Any CPU
	EndGlobalSection
EndGlobal
